// !$*UTF8*$!
{
	archiveVersion = 1;
	classes = {
	};
	objectVersion = 48;
	objects = {

/* Begin PBXBuildFile section */
		068A8782209BB0F1007174D0 /* AppDelegate.swift in Sources */ = {isa = PBXBuildFile; fileRef = 068A8781209BB0F1007174D0 /* AppDelegate.swift */; };
		068A8784209BB0F1007174D0 /* ListOfMoviesViewController.swift in Sources */ = {isa = PBXBuildFile; fileRef = 068A8783209BB0F1007174D0 /* ListOfMoviesViewController.swift */; };
		068A8787209BB0F1007174D0 /* Main.storyboard in Resources */ = {isa = PBXBuildFile; fileRef = 068A8785209BB0F1007174D0 /* Main.storyboard */; };
		068A8789209BB0F1007174D0 /* Assets.xcassets in Resources */ = {isa = PBXBuildFile; fileRef = 068A8788209BB0F1007174D0 /* Assets.xcassets */; };
		068A878C209BB0F1007174D0 /* LaunchScreen.storyboard in Resources */ = {isa = PBXBuildFile; fileRef = 068A878A209BB0F1007174D0 /* LaunchScreen.storyboard */; };
		068A8799209BB38E007174D0 /* ListPresenter.swift in Sources */ = {isa = PBXBuildFile; fileRef = 068A8798209BB38E007174D0 /* ListPresenter.swift */; };
		068A879B209BB3A5007174D0 /* ListInteractor.swift in Sources */ = {isa = PBXBuildFile; fileRef = 068A879A209BB3A5007174D0 /* ListInteractor.swift */; };
		06EAB6BB209CE5A600B8B97F /* Movie.swift in Sources */ = {isa = PBXBuildFile; fileRef = 06EAB6BA209CE5A600B8B97F /* Movie.swift */; };
		06FD6882209D098A00B64F59 /* DetailsViewController.swift in Sources */ = {isa = PBXBuildFile; fileRef = 06FD6881209D098A00B64F59 /* DetailsViewController.swift */; };
		06FD6888209D0E4900B64F59 /* AddViewController.swift in Sources */ = {isa = PBXBuildFile; fileRef = 06FD6887209D0E4900B64F59 /* AddViewController.swift */; };
		06FD688A209D1C7600B64F59 /* AddInteractor.swift in Sources */ = {isa = PBXBuildFile; fileRef = 06FD6889209D1C7600B64F59 /* AddInteractor.swift */; };
		06FD688C209D1C8900B64F59 /* AddPresenter.swift in Sources */ = {isa = PBXBuildFile; fileRef = 06FD688B209D1C8900B64F59 /* AddPresenter.swift */; };
		D02384179874D1BF642F1FC9 /* Pods_MovieCatalog.framework in Frameworks */ = {isa = PBXBuildFile; fileRef = 3F737F4AE68DD11AC7E9EA2D /* Pods_MovieCatalog.framework */; };
/* End PBXBuildFile section */

/* Begin PBXFileReference section */
		068A877E209BB0F1007174D0 /* MovieCatalog.app */ = {isa = PBXFileReference; explicitFileType = wrapper.application; includeInIndex = 0; path = MovieCatalog.app; sourceTree = BUILT_PRODUCTS_DIR; };
		068A8781209BB0F1007174D0 /* AppDelegate.swift */ = {isa = PBXFileReference; lastKnownFileType = sourcecode.swift; path = AppDelegate.swift; sourceTree = "<group>"; };
		068A8783209BB0F1007174D0 /* ListOfMoviesViewController.swift */ = {isa = PBXFileReference; lastKnownFileType = sourcecode.swift; path = ListOfMoviesViewController.swift; sourceTree = "<group>"; };
		068A8786209BB0F1007174D0 /* Base */ = {isa = PBXFileReference; lastKnownFileType = file.storyboard; name = Base; path = Base.lproj/Main.storyboard; sourceTree = "<group>"; };
		068A8788209BB0F1007174D0 /* Assets.xcassets */ = {isa = PBXFileReference; lastKnownFileType = folder.assetcatalog; path = Assets.xcassets; sourceTree = "<group>"; };
		068A878B209BB0F1007174D0 /* Base */ = {isa = PBXFileReference; lastKnownFileType = file.storyboard; name = Base; path = Base.lproj/LaunchScreen.storyboard; sourceTree = "<group>"; };
		068A878D209BB0F1007174D0 /* Info.plist */ = {isa = PBXFileReference; lastKnownFileType = text.plist.xml; path = Info.plist; sourceTree = "<group>"; };
		068A8798209BB38E007174D0 /* ListPresenter.swift */ = {isa = PBXFileReference; lastKnownFileType = sourcecode.swift; path = ListPresenter.swift; sourceTree = "<group>"; };
		068A879A209BB3A5007174D0 /* ListInteractor.swift */ = {isa = PBXFileReference; lastKnownFileType = sourcecode.swift; path = ListInteractor.swift; sourceTree = "<group>"; };
		06EAB6BA209CE5A600B8B97F /* Movie.swift */ = {isa = PBXFileReference; lastKnownFileType = sourcecode.swift; path = Movie.swift; sourceTree = "<group>"; };
		06FD6881209D098A00B64F59 /* DetailsViewController.swift */ = {isa = PBXFileReference; lastKnownFileType = sourcecode.swift; path = DetailsViewController.swift; sourceTree = "<group>"; };
		06FD6887209D0E4900B64F59 /* AddViewController.swift */ = {isa = PBXFileReference; lastKnownFileType = sourcecode.swift; path = AddViewController.swift; sourceTree = "<group>"; };
		06FD6889209D1C7600B64F59 /* AddInteractor.swift */ = {isa = PBXFileReference; lastKnownFileType = sourcecode.swift; path = AddInteractor.swift; sourceTree = "<group>"; };
		06FD688B209D1C8900B64F59 /* AddPresenter.swift */ = {isa = PBXFileReference; lastKnownFileType = sourcecode.swift; path = AddPresenter.swift; sourceTree = "<group>"; };
		3F737F4AE68DD11AC7E9EA2D /* Pods_MovieCatalog.framework */ = {isa = PBXFileReference; explicitFileType = wrapper.framework; includeInIndex = 0; path = Pods_MovieCatalog.framework; sourceTree = BUILT_PRODUCTS_DIR; };
		54279FC490A0E9F03089B1CA /* Pods-MovieCatalog.debug.xcconfig */ = {isa = PBXFileReference; includeInIndex = 1; lastKnownFileType = text.xcconfig; name = "Pods-MovieCatalog.debug.xcconfig"; path = "Pods/Target Support Files/Pods-MovieCatalog/Pods-MovieCatalog.debug.xcconfig"; sourceTree = "<group>"; };
		E09098B9D8A3C9923D9A50FA /* Pods-MovieCatalog.release.xcconfig */ = {isa = PBXFileReference; includeInIndex = 1; lastKnownFileType = text.xcconfig; name = "Pods-MovieCatalog.release.xcconfig"; path = "Pods/Target Support Files/Pods-MovieCatalog/Pods-MovieCatalog.release.xcconfig"; sourceTree = "<group>"; };
/* End PBXFileReference section */

/* Begin PBXFrameworksBuildPhase section */
		068A877B209BB0F1007174D0 /* Frameworks */ = {
			isa = PBXFrameworksBuildPhase;
			buildActionMask = 2147483647;
			files = (
				D02384179874D1BF642F1FC9 /* Pods_MovieCatalog.framework in Frameworks */,
			);
			runOnlyForDeploymentPostprocessing = 0;
		};
/* End PBXFrameworksBuildPhase section */

/* Begin PBXGroup section */
		068A8775209BB0F1007174D0 = {
			isa = PBXGroup;
			children = (
				068A8780209BB0F1007174D0 /* MovieCatalog */,
				068A877F209BB0F1007174D0 /* Products */,
				B1B6078B0CAA8DAD6BA23DED /* Pods */,
				CB58DFFFBCE4878A2CD6C361 /* Frameworks */,
			);
			sourceTree = "<group>";
		};
		068A877F209BB0F1007174D0 /* Products */ = {
			isa = PBXGroup;
			children = (
				068A877E209BB0F1007174D0 /* MovieCatalog.app */,
			);
			name = Products;
			sourceTree = "<group>";
		};
		068A8780209BB0F1007174D0 /* MovieCatalog */ = {
			isa = PBXGroup;
			children = (
				06FD6883209D0DD200B64F59 /* AddMovie */,
				06D736AF209CE44F002BEE87 /* Models */,
				068A8796209BB240007174D0 /* ListOfMovies */,
				068A8781209BB0F1007174D0 /* AppDelegate.swift */,
				068A8785209BB0F1007174D0 /* Main.storyboard */,
				068A8788209BB0F1007174D0 /* Assets.xcassets */,
				068A878A209BB0F1007174D0 /* LaunchScreen.storyboard */,
				068A878D209BB0F1007174D0 /* Info.plist */,
			);
			path = MovieCatalog;
			sourceTree = "<group>";
		};
		068A8793209BB1EA007174D0 /* View */ = {
			isa = PBXGroup;
			children = (
				068A8783209BB0F1007174D0 /* ListOfMoviesViewController.swift */,
				06FD6881209D098A00B64F59 /* DetailsViewController.swift */,
			);
			path = View;
			sourceTree = "<group>";
		};
		068A8794209BB214007174D0 /* Presenter */ = {
			isa = PBXGroup;
			children = (
				068A8798209BB38E007174D0 /* ListPresenter.swift */,
			);
			path = Presenter;
			sourceTree = "<group>";
		};
		068A8795209BB224007174D0 /* Interactor */ = {
			isa = PBXGroup;
			children = (
				068A879A209BB3A5007174D0 /* ListInteractor.swift */,
			);
			path = Interactor;
			sourceTree = "<group>";
		};
		068A8796209BB240007174D0 /* ListOfMovies */ = {
			isa = PBXGroup;
			children = (
				068A8795209BB224007174D0 /* Interactor */,
				068A8794209BB214007174D0 /* Presenter */,
				068A8793209BB1EA007174D0 /* View */,
			);
			path = ListOfMovies;
			sourceTree = "<group>";
		};
		06D736AF209CE44F002BEE87 /* Models */ = {
			isa = PBXGroup;
			children = (
				06EAB6BA209CE5A600B8B97F /* Movie.swift */,
			);
			name = Models;
			sourceTree = "<group>";
		};
		06FD6883209D0DD200B64F59 /* AddMovie */ = {
			isa = PBXGroup;
			children = (
				06FD6886209D0E1B00B64F59 /* Interactor */,
				06FD6885209D0E0C00B64F59 /* Presenter */,
				06FD6884209D0DE800B64F59 /* View */,
			);
			path = AddMovie;
			sourceTree = "<group>";
		};
		06FD6884209D0DE800B64F59 /* View */ = {
			isa = PBXGroup;
			children = (
				06FD6887209D0E4900B64F59 /* AddViewController.swift */,
			);
			path = View;
			sourceTree = "<group>";
		};
		06FD6885209D0E0C00B64F59 /* Presenter */ = {
			isa = PBXGroup;
			children = (
				06FD688B209D1C8900B64F59 /* AddPresenter.swift */,
			);
			path = Presenter;
			sourceTree = "<group>";
		};
		06FD6886209D0E1B00B64F59 /* Interactor */ = {
			isa = PBXGroup;
			children = (
				06FD6889209D1C7600B64F59 /* AddInteractor.swift */,
			);
			path = Interactor;
			sourceTree = "<group>";
		};
		B1B6078B0CAA8DAD6BA23DED /* Pods */ = {
			isa = PBXGroup;
			children = (
				54279FC490A0E9F03089B1CA /* Pods-MovieCatalog.debug.xcconfig */,
				E09098B9D8A3C9923D9A50FA /* Pods-MovieCatalog.release.xcconfig */,
			);
			name = Pods;
			sourceTree = "<group>";
		};
		CB58DFFFBCE4878A2CD6C361 /* Frameworks */ = {
			isa = PBXGroup;
			children = (
				3F737F4AE68DD11AC7E9EA2D /* Pods_MovieCatalog.framework */,
			);
			name = Frameworks;
			sourceTree = "<group>";
		};
/* End PBXGroup section */

/* Begin PBXNativeTarget section */
		068A877D209BB0F1007174D0 /* MovieCatalog */ = {
			isa = PBXNativeTarget;
			buildConfigurationList = 068A8790209BB0F1007174D0 /* Build configuration list for PBXNativeTarget "MovieCatalog" */;
			buildPhases = (
				B19DD41731CCB9AAD6FDD22C /* [CP] Check Pods Manifest.lock */,
				068A877A209BB0F1007174D0 /* Sources */,
				068A877B209BB0F1007174D0 /* Frameworks */,
				068A877C209BB0F1007174D0 /* Resources */,
				EDDD04C6450554AD1412A8E4 /* [CP] Embed Pods Frameworks */,
				38323FA9DE38212900E8E625 /* [CP] Copy Pods Resources */,
			);
			buildRules = (
			);
			dependencies = (
			);
			name = MovieCatalog;
			productName = MovieCatalog;
			productReference = 068A877E209BB0F1007174D0 /* MovieCatalog.app */;
			productType = "com.apple.product-type.application";
		};
/* End PBXNativeTarget section */

/* Begin PBXProject section */
		068A8776209BB0F1007174D0 /* Project object */ = {
			isa = PBXProject;
			attributes = {
				LastSwiftUpdateCheck = 0920;
				LastUpgradeCheck = 0920;
				ORGANIZATIONNAME = Katerina;
				TargetAttributes = {
					068A877D209BB0F1007174D0 = {
						CreatedOnToolsVersion = 9.2;
						ProvisioningStyle = Automatic;
					};
				};
			};
			buildConfigurationList = 068A8779209BB0F1007174D0 /* Build configuration list for PBXProject "MovieCatalog" */;
			compatibilityVersion = "Xcode 8.0";
			developmentRegion = en;
			hasScannedForEncodings = 0;
			knownRegions = (
				en,
				Base,
			);
			mainGroup = 068A8775209BB0F1007174D0;
			productRefGroup = 068A877F209BB0F1007174D0 /* Products */;
			projectDirPath = "";
			projectRoot = "";
			targets = (
				068A877D209BB0F1007174D0 /* MovieCatalog */,
			);
		};
/* End PBXProject section */

/* Begin PBXResourcesBuildPhase section */
		068A877C209BB0F1007174D0 /* Resources */ = {
			isa = PBXResourcesBuildPhase;
			buildActionMask = 2147483647;
			files = (
				068A878C209BB0F1007174D0 /* LaunchScreen.storyboard in Resources */,
				068A8789209BB0F1007174D0 /* Assets.xcassets in Resources */,
				068A8787209BB0F1007174D0 /* Main.storyboard in Resources */,
			);
			runOnlyForDeploymentPostprocessing = 0;
		};
/* End PBXResourcesBuildPhase section */

/* Begin PBXShellScriptBuildPhase section */
		38323FA9DE38212900E8E625 /* [CP] Copy Pods Resources */ = {
			isa = PBXShellScriptBuildPhase;
			buildActionMask = 2147483647;
			files = (
			);
			inputPaths = (
			);
			name = "[CP] Copy Pods Resources";
			outputPaths = (
			);
			runOnlyForDeploymentPostprocessing = 0;
			shellPath = /bin/sh;
			shellScript = "\"${SRCROOT}/Pods/Target Support Files/Pods-MovieCatalog/Pods-MovieCatalog-resources.sh\"\n";
			showEnvVarsInLog = 0;
		};
		B19DD41731CCB9AAD6FDD22C /* [CP] Check Pods Manifest.lock */ = {
			isa = PBXShellScriptBuildPhase;
			buildActionMask = 2147483647;
			files = (
			);
			inputPaths = (
				"${PODS_PODFILE_DIR_PATH}/Podfile.lock",
				"${PODS_ROOT}/Manifest.lock",
			);
			name = "[CP] Check Pods Manifest.lock";
			outputPaths = (
				"$(DERIVED_FILE_DIR)/Pods-MovieCatalog-checkManifestLockResult.txt",
			);
			runOnlyForDeploymentPostprocessing = 0;
			shellPath = /bin/sh;
			shellScript = "diff \"${PODS_PODFILE_DIR_PATH}/Podfile.lock\" \"${PODS_ROOT}/Manifest.lock\" > /dev/null\nif [ $? != 0 ] ; then\n    # print error to STDERR\n    echo \"error: The sandbox is not in sync with the Podfile.lock. Run 'pod install' or update your CocoaPods installation.\" >&2\n    exit 1\nfi\n# This output is used by Xcode 'outputs' to avoid re-running this script phase.\necho \"SUCCESS\" > \"${SCRIPT_OUTPUT_FILE_0}\"\n";
			showEnvVarsInLog = 0;
		};
		EDDD04C6450554AD1412A8E4 /* [CP] Embed Pods Frameworks */ = {
			isa = PBXShellScriptBuildPhase;
			buildActionMask = 2147483647;
			files = (
			);
			inputPaths = (
				"${SRCROOT}/Pods/Target Support Files/Pods-MovieCatalog/Pods-MovieCatalog-frameworks.sh",
				"${BUILT_PRODUCTS_DIR}/SkyFloatingLabelTextField/SkyFloatingLabelTextField.framework",
			);
			name = "[CP] Embed Pods Frameworks";
			outputPaths = (
				"${TARGET_BUILD_DIR}/${FRAMEWORKS_FOLDER_PATH}/SkyFloatingLabelTextField.framework",
			);
			runOnlyForDeploymentPostprocessing = 0;
			shellPath = /bin/sh;
			shellScript = "\"${SRCROOT}/Pods/Target Support Files/Pods-MovieCatalog/Pods-MovieCatalog-frameworks.sh\"\n";
			showEnvVarsInLog = 0;
		};
/* End PBXShellScriptBuildPhase section */

/* Begin PBXSourcesBuildPhase section */
		068A877A209BB0F1007174D0 /* Sources */ = {
			isa = PBXSourcesBuildPhase;
			buildActionMask = 2147483647;
			files = (
				06FD688C209D1C8900B64F59 /* AddPresenter.swift in Sources */,
				068A8784209BB0F1007174D0 /* ListOfMoviesViewController.swift in Sources */,
				068A8799209BB38E007174D0 /* ListPresenter.swift in Sources */,
				06FD688A209D1C7600B64F59 /* AddInteractor.swift in Sources */,
				06FD6888209D0E4900B64F59 /* AddViewController.swift in Sources */,
				068A879B209BB3A5007174D0 /* ListInteractor.swift in Sources */,
				068A8782209BB0F1007174D0 /* AppDelegate.swift in Sources */,
				06EAB6BB209CE5A600B8B97F /* Movie.swift in Sources */,
				06FD6882209D098A00B64F59 /* DetailsViewController.swift in Sources */,
			);
			runOnlyForDeploymentPostprocessing = 0;
		};
/* End PBXSourcesBuildPhase section */

/* Begin PBXVariantGroup section */
		068A8785209BB0F1007174D0 /* Main.storyboard */ = {
			isa = PBXVariantGroup;
			children = (
				068A8786209BB0F1007174D0 /* Base */,
			);
			name = Main.storyboard;
			sourceTree = "<group>";
		};
		068A878A209BB0F1007174D0 /* LaunchScreen.storyboard */ = {
			isa = PBXVariantGroup;
			children = (
				068A878B209BB0F1007174D0 /* Base */,
			);
			name = LaunchScreen.storyboard;
			sourceTree = "<group>";
		};
/* End PBXVariantGroup section */

/* Begin XCBuildConfiguration section */
		068A878E209BB0F1007174D0 /* Debug */ = {
			isa = XCBuildConfiguration;
			buildSettings = {
				ALWAYS_SEARCH_USER_PATHS = NO;
				CLANG_ANALYZER_NONNULL = YES;
				CLANG_ANALYZER_NUMBER_OBJECT_CONVERSION = YES_AGGRESSIVE;
				CLANG_CXX_LANGUAGE_STANDARD = "gnu++14";
				CLANG_CXX_LIBRARY = "libc++";
				CLANG_ENABLE_MODULES = YES;
				CLANG_ENABLE_OBJC_ARC = YES;
				CLANG_WARN_BLOCK_CAPTURE_AUTORELEASING = YES;
				CLANG_WARN_BOOL_CONVERSION = YES;
				CLANG_WARN_COMMA = YES;
				CLANG_WARN_CONSTANT_CONVERSION = YES;
				CLANG_WARN_DIRECT_OBJC_ISA_USAGE = YES_ERROR;
				CLANG_WARN_DOCUMENTATION_COMMENTS = YES;
				CLANG_WARN_EMPTY_BODY = YES;
				CLANG_WARN_ENUM_CONVERSION = YES;
				CLANG_WARN_INFINITE_RECURSION = YES;
				CLANG_WARN_INT_CONVERSION = YES;
				CLANG_WARN_NON_LITERAL_NULL_CONVERSION = YES;
				CLANG_WARN_OBJC_LITERAL_CONVERSION = YES;
				CLANG_WARN_OBJC_ROOT_CLASS = YES_ERROR;
				CLANG_WARN_RANGE_LOOP_ANALYSIS = YES;
				CLANG_WARN_STRICT_PROTOTYPES = YES;
				CLANG_WARN_SUSPICIOUS_MOVE = YES;
				CLANG_WARN_UNGUARDED_AVAILABILITY = YES_AGGRESSIVE;
				CLANG_WARN_UNREACHABLE_CODE = YES;
				CLANG_WARN__DUPLICATE_METHOD_MATCH = YES;
				CODE_SIGN_IDENTITY = "iPhone Developer";
				COPY_PHASE_STRIP = NO;
				DEBUG_INFORMATION_FORMAT = dwarf;
				ENABLE_STRICT_OBJC_MSGSEND = YES;
				ENABLE_TESTABILITY = YES;
				GCC_C_LANGUAGE_STANDARD = gnu11;
				GCC_DYNAMIC_NO_PIC = NO;
				GCC_NO_COMMON_BLOCKS = YES;
				GCC_OPTIMIZATION_LEVEL = 0;
				GCC_PREPROCESSOR_DEFINITIONS = (
					"DEBUG=1",
					"$(inherited)",
				);
				GCC_WARN_64_TO_32_BIT_CONVERSION = YES;
				GCC_WARN_ABOUT_RETURN_TYPE = YES_ERROR;
				GCC_WARN_UNDECLARED_SELECTOR = YES;
				GCC_WARN_UNINITIALIZED_AUTOS = YES_AGGRESSIVE;
				GCC_WARN_UNUSED_FUNCTION = YES;
				GCC_WARN_UNUSED_VARIABLE = YES;
				IPHONEOS_DEPLOYMENT_TARGET = 11.2;
				MTL_ENABLE_DEBUG_INFO = YES;
				ONLY_ACTIVE_ARCH = YES;
				SDKROOT = iphoneos;
				SWIFT_ACTIVE_COMPILATION_CONDITIONS = DEBUG;
				SWIFT_OPTIMIZATION_LEVEL = "-Onone";
			};
			name = Debug;
		};
		068A878F209BB0F1007174D0 /* Release */ = {
			isa = XCBuildConfiguration;
			buildSettings = {
				ALWAYS_SEARCH_USER_PATHS = NO;
				CLANG_ANALYZER_NONNULL = YES;
				CLANG_ANALYZER_NUMBER_OBJECT_CONVERSION = YES_AGGRESSIVE;
				CLANG_CXX_LANGUAGE_STANDARD = "gnu++14";
				CLANG_CXX_LIBRARY = "libc++";
				CLANG_ENABLE_MODULES = YES;
				CLANG_ENABLE_OBJC_ARC = YES;
				CLANG_WARN_BLOCK_CAPTURE_AUTORELEASING = YES;
				CLANG_WARN_BOOL_CONVERSION = YES;
				CLANG_WARN_COMMA = YES;
				CLANG_WARN_CONSTANT_CONVERSION = YES;
				CLANG_WARN_DIRECT_OBJC_ISA_USAGE = YES_ERROR;
				CLANG_WARN_DOCUMENTATION_COMMENTS = YES;
				CLANG_WARN_EMPTY_BODY = YES;
				CLANG_WARN_ENUM_CONVERSION = YES;
				CLANG_WARN_INFINITE_RECURSION = YES;
				CLANG_WARN_INT_CONVERSION = YES;
				CLANG_WARN_NON_LITERAL_NULL_CONVERSION = YES;
				CLANG_WARN_OBJC_LITERAL_CONVERSION = YES;
				CLANG_WARN_OBJC_ROOT_CLASS = YES_ERROR;
				CLANG_WARN_RANGE_LOOP_ANALYSIS = YES;
				CLANG_WARN_STRICT_PROTOTYPES = YES;
				CLANG_WARN_SUSPICIOUS_MOVE = YES;
				CLANG_WARN_UNGUARDED_AVAILABILITY = YES_AGGRESSIVE;
				CLANG_WARN_UNREACHABLE_CODE = YES;
				CLANG_WARN__DUPLICATE_METHOD_MATCH = YES;
				CODE_SIGN_IDENTITY = "iPhone Developer";
				COPY_PHASE_STRIP = NO;
				DEBUG_INFORMATION_FORMAT = "dwarf-with-dsym";
				ENABLE_NS_ASSERTIONS = NO;
				ENABLE_STRICT_OBJC_MSGSEND = YES;
				GCC_C_LANGUAGE_STANDARD = gnu11;
				GCC_NO_COMMON_BLOCKS = YES;
				GCC_WARN_64_TO_32_BIT_CONVERSION = YES;
				GCC_WARN_ABOUT_RETURN_TYPE = YES_ERROR;
				GCC_WARN_UNDECLARED_SELECTOR = YES;
				GCC_WARN_UNINITIALIZED_AUTOS = YES_AGGRESSIVE;
				GCC_WARN_UNUSED_FUNCTION = YES;
				GCC_WARN_UNUSED_VARIABLE = YES;
				IPHONEOS_DEPLOYMENT_TARGET = 11.2;
				MTL_ENABLE_DEBUG_INFO = NO;
				SDKROOT = iphoneos;
				SWIFT_OPTIMIZATION_LEVEL = "-Owholemodule";
				VALIDATE_PRODUCT = YES;
			};
			name = Release;
		};
		068A8791209BB0F1007174D0 /* Debug */ = {
			isa = XCBuildConfiguration;
			baseConfigurationReference = 54279FC490A0E9F03089B1CA /* Pods-MovieCatalog.debug.xcconfig */;
			buildSettings = {
				ASSETCATALOG_COMPILER_APPICON_NAME = AppIcon;
				CODE_SIGN_STYLE = Automatic;
				DEVELOPMENT_TEAM = 9VD9T9R724;
				INFOPLIST_FILE = MovieCatalog/Info.plist;
				IPHONEOS_DEPLOYMENT_TARGET = 11.0;
				LD_RUNPATH_SEARCH_PATHS = "$(inherited) @executable_path/Frameworks";
				PRODUCT_BUNDLE_IDENTIFIER = ua.katerinanikolaenko.MovieCatalog;
				PRODUCT_NAME = "$(TARGET_NAME)";
				SWIFT_VERSION = 4.0;
				TARGETED_DEVICE_FAMILY = "1,2";
			};
			name = Debug;
		};
		068A8792209BB0F1007174D0 /* Release */ = {
			isa = XCBuildConfiguration;
			baseConfigurationReference = E09098B9D8A3C9923D9A50FA /* Pods-MovieCatalog.release.xcconfig */;
			buildSettings = {
				ASSETCATALOG_COMPILER_APPICON_NAME = AppIcon;
				CODE_SIGN_STYLE = Automatic;
				DEVELOPMENT_TEAM = 9VD9T9R724;
				INFOPLIST_FILE = MovieCatalog/Info.plist;
				IPHONEOS_DEPLOYMENT_TARGET = 11.0;
				LD_RUNPATH_SEARCH_PATHS = "$(inherited) @executable_path/Frameworks";
				PRODUCT_BUNDLE_IDENTIFIER = ua.katerinanikolaenko.MovieCatalog;
				PRODUCT_NAME = "$(TARGET_NAME)";
				SWIFT_VERSION = 4.0;
				TARGETED_DEVICE_FAMILY = "1,2";
			};
			name = Release;
		};
/* End XCBuildConfiguration section */

/* Begin XCConfigurationList section */
		068A8779209BB0F1007174D0 /* Build configuration list for PBXProject "MovieCatalog" */ = {
			isa = XCConfigurationList;
			buildConfigurations = (
				068A878E209BB0F1007174D0 /* Debug */,
				068A878F209BB0F1007174D0 /* Release */,
			);
			defaultConfigurationIsVisible = 0;
			defaultConfigurationName = Release;
		};
		068A8790209BB0F1007174D0 /* Build configuration list for PBXNativeTarget "MovieCatalog" */ = {
			isa = XCConfigurationList;
			buildConfigurations = (
				068A8791209BB0F1007174D0 /* Debug */,
				068A8792209BB0F1007174D0 /* Release */,
			);
			defaultConfigurationIsVisible = 0;
			defaultConfigurationName = Release;
		};
/* End XCConfigurationList section */
	};
	rootObject = 068A8776209BB0F1007174D0 /* Project object */;
}
